// !$*UTF8*$!
{
	archiveVersion = 1;
	classes = {
	};
	objectVersion = 56;
	objects = {

/* Begin PBXBuildFile section */
		8995A9F42A3C6FA200E58D65 /* AppDelegate.swift in Sources */ = {isa = PBXBuildFile; fileRef = 8995A9F32A3C6FA200E58D65 /* AppDelegate.swift */; };
		8995A9F62A3C6FA200E58D65 /* SceneDelegate.swift in Sources */ = {isa = PBXBuildFile; fileRef = 8995A9F52A3C6FA200E58D65 /* SceneDelegate.swift */; };
		8995A9FD2A3C6FA300E58D65 /* Assets.xcassets in Resources */ = {isa = PBXBuildFile; fileRef = 8995A9FC2A3C6FA300E58D65 /* Assets.xcassets */; };
		8995AA002A3C6FA300E58D65 /* LaunchScreen.storyboard in Resources */ = {isa = PBXBuildFile; fileRef = 8995A9FE2A3C6FA300E58D65 /* LaunchScreen.storyboard */; };
		8995AA0F2A3C764600E58D65 /* Router.swift in Sources */ = {isa = PBXBuildFile; fileRef = 8995AA0D2A3C764600E58D65 /* Router.swift */; };
		8995AA102A3C764600E58D65 /* DependencyContainer.swift in Sources */ = {isa = PBXBuildFile; fileRef = 8995AA0E2A3C764600E58D65 /* DependencyContainer.swift */; };
		8995AA162A3C9C1D00E58D65 /* IQKeyboardManagerSwift in Frameworks */ = {isa = PBXBuildFile; productRef = 8995AA152A3C9C1D00E58D65 /* IQKeyboardManagerSwift */; };
		8995AA1E2A3CA3B500E58D65 /* LoginViewController.swift in Sources */ = {isa = PBXBuildFile; fileRef = 8995AA1D2A3CA3B500E58D65 /* LoginViewController.swift */; };
		8995AA202A3CA3EE00E58D65 /* LoginInteractor.swift in Sources */ = {isa = PBXBuildFile; fileRef = 8995AA1F2A3CA3EE00E58D65 /* LoginInteractor.swift */; };
		8995AA222A3CA47200E58D65 /* AppStyle.swift in Sources */ = {isa = PBXBuildFile; fileRef = 8995AA212A3CA47200E58D65 /* AppStyle.swift */; };
		8995AA252A3CA59A00E58D65 /* BaseViewController.swift in Sources */ = {isa = PBXBuildFile; fileRef = 8995AA242A3CA59A00E58D65 /* BaseViewController.swift */; };
		8995AA272A3CA66500E58D65 /* Auth.storyboard in Resources */ = {isa = PBXBuildFile; fileRef = 8995AA262A3CA66500E58D65 /* Auth.storyboard */; };
		8995AA2A2A3CA70800E58D65 /* Reusable in Frameworks */ = {isa = PBXBuildFile; productRef = 8995AA292A3CA70800E58D65 /* Reusable */; };
		8995AA2D2A3CA74800E58D65 /* Extensions.swift in Sources */ = {isa = PBXBuildFile; fileRef = 8995AA2C2A3CA74800E58D65 /* Extensions.swift */; };
		8995AA302A3CA85C00E58D65 /* Toast in Frameworks */ = {isa = PBXBuildFile; productRef = 8995AA2F2A3CA85C00E58D65 /* Toast */; };
		8995AA332A3CAAFB00E58D65 /* Data in Frameworks */ = {isa = PBXBuildFile; productRef = 8995AA322A3CAAFB00E58D65 /* Data */; };
		8995AA3A2A3CAB9800E58D65 /* SFProText-Bold.ttf in Resources */ = {isa = PBXBuildFile; fileRef = 8995AA352A3CAB9800E58D65 /* SFProText-Bold.ttf */; };
		8995AA3B2A3CAB9800E58D65 /* SFProText-Regular.ttf in Resources */ = {isa = PBXBuildFile; fileRef = 8995AA362A3CAB9800E58D65 /* SFProText-Regular.ttf */; };
		8995AA3C2A3CAB9800E58D65 /* SFProText-Light.ttf in Resources */ = {isa = PBXBuildFile; fileRef = 8995AA372A3CAB9800E58D65 /* SFProText-Light.ttf */; };
		8995AA3D2A3CAB9800E58D65 /* SFProText-Semibold.ttf in Resources */ = {isa = PBXBuildFile; fileRef = 8995AA382A3CAB9800E58D65 /* SFProText-Semibold.ttf */; };
		8995AA3E2A3CAB9800E58D65 /* Poppins-Regular.ttf in Resources */ = {isa = PBXBuildFile; fileRef = 8995AA392A3CAB9800E58D65 /* Poppins-Regular.ttf */; };
		89E6DE022A42EAC300C5308F /* Profile.storyboard in Resources */ = {isa = PBXBuildFile; fileRef = 89E6DE012A42EAC300C5308F /* Profile.storyboard */; };
		89E6DE042A43026B00C5308F /* ProfileViewController.swift in Sources */ = {isa = PBXBuildFile; fileRef = 89E6DE032A43026B00C5308F /* ProfileViewController.swift */; };
		89E6DE072A43054700C5308F /* Domain.storyboard in Resources */ = {isa = PBXBuildFile; fileRef = 89E6DE062A43054700C5308F /* Domain.storyboard */; };
		89E6DE092A43054F00C5308F /* DomainViewController.swift in Sources */ = {isa = PBXBuildFile; fileRef = 89E6DE082A43054F00C5308F /* DomainViewController.swift */; };
		89E6DE0B2A43062100C5308F /* WebPageDelegate.swift in Sources */ = {isa = PBXBuildFile; fileRef = 89E6DE0A2A43062100C5308F /* WebPageDelegate.swift */; };
		89E6DE0D2A43073B00C5308F /* DomainViewModel.swift in Sources */ = {isa = PBXBuildFile; fileRef = 89E6DE0C2A43073B00C5308F /* DomainViewModel.swift */; };
/* End PBXBuildFile section */

/* Begin PBXFileReference section */
		8995A9F02A3C6FA200E58D65 /* IOS App Architecture.app */ = {isa = PBXFileReference; explicitFileType = wrapper.application; includeInIndex = 0; path = "IOS App Architecture.app"; sourceTree = BUILT_PRODUCTS_DIR; };
		8995A9F32A3C6FA200E58D65 /* AppDelegate.swift */ = {isa = PBXFileReference; lastKnownFileType = sourcecode.swift; path = AppDelegate.swift; sourceTree = "<group>"; };
		8995A9F52A3C6FA200E58D65 /* SceneDelegate.swift */ = {isa = PBXFileReference; lastKnownFileType = sourcecode.swift; path = SceneDelegate.swift; sourceTree = "<group>"; };
		8995A9FC2A3C6FA300E58D65 /* Assets.xcassets */ = {isa = PBXFileReference; lastKnownFileType = folder.assetcatalog; path = Assets.xcassets; sourceTree = "<group>"; };
		8995A9FF2A3C6FA300E58D65 /* Base */ = {isa = PBXFileReference; lastKnownFileType = file.storyboard; name = Base; path = Base.lproj/LaunchScreen.storyboard; sourceTree = "<group>"; };
		8995AA012A3C6FA300E58D65 /* Info.plist */ = {isa = PBXFileReference; lastKnownFileType = text.plist.xml; path = Info.plist; sourceTree = "<group>"; };
		8995AA0D2A3C764600E58D65 /* Router.swift */ = {isa = PBXFileReference; fileEncoding = 4; lastKnownFileType = sourcecode.swift; path = Router.swift; sourceTree = "<group>"; };
		8995AA0E2A3C764600E58D65 /* DependencyContainer.swift */ = {isa = PBXFileReference; fileEncoding = 4; lastKnownFileType = sourcecode.swift; path = DependencyContainer.swift; sourceTree = "<group>"; };
		8995AA1A2A3C9D2B00E58D65 /* Data */ = {isa = PBXFileReference; lastKnownFileType = wrapper; name = Data; path = packages/Data; sourceTree = "<group>"; };
		8995AA1D2A3CA3B500E58D65 /* LoginViewController.swift */ = {isa = PBXFileReference; lastKnownFileType = sourcecode.swift; path = LoginViewController.swift; sourceTree = "<group>"; };
		8995AA1F2A3CA3EE00E58D65 /* LoginInteractor.swift */ = {isa = PBXFileReference; fileEncoding = 4; lastKnownFileType = sourcecode.swift; path = LoginInteractor.swift; sourceTree = "<group>"; };
		8995AA212A3CA47200E58D65 /* AppStyle.swift */ = {isa = PBXFileReference; fileEncoding = 4; lastKnownFileType = sourcecode.swift; path = AppStyle.swift; sourceTree = "<group>"; };
		8995AA242A3CA59A00E58D65 /* BaseViewController.swift */ = {isa = PBXFileReference; lastKnownFileType = sourcecode.swift; path = BaseViewController.swift; sourceTree = "<group>"; };
		8995AA262A3CA66500E58D65 /* Auth.storyboard */ = {isa = PBXFileReference; lastKnownFileType = file.storyboard; path = Auth.storyboard; sourceTree = "<group>"; };
		8995AA2C2A3CA74800E58D65 /* Extensions.swift */ = {isa = PBXFileReference; lastKnownFileType = sourcecode.swift; path = Extensions.swift; sourceTree = "<group>"; };
		8995AA352A3CAB9800E58D65 /* SFProText-Bold.ttf */ = {isa = PBXFileReference; lastKnownFileType = file; path = "SFProText-Bold.ttf"; sourceTree = "<group>"; };
		8995AA362A3CAB9800E58D65 /* SFProText-Regular.ttf */ = {isa = PBXFileReference; lastKnownFileType = file; path = "SFProText-Regular.ttf"; sourceTree = "<group>"; };
		8995AA372A3CAB9800E58D65 /* SFProText-Light.ttf */ = {isa = PBXFileReference; lastKnownFileType = file; path = "SFProText-Light.ttf"; sourceTree = "<group>"; };
		8995AA382A3CAB9800E58D65 /* SFProText-Semibold.ttf */ = {isa = PBXFileReference; lastKnownFileType = file; path = "SFProText-Semibold.ttf"; sourceTree = "<group>"; };
		8995AA392A3CAB9800E58D65 /* Poppins-Regular.ttf */ = {isa = PBXFileReference; lastKnownFileType = file; path = "Poppins-Regular.ttf"; sourceTree = "<group>"; };
		89E6DE012A42EAC300C5308F /* Profile.storyboard */ = {isa = PBXFileReference; lastKnownFileType = file.storyboard; path = Profile.storyboard; sourceTree = "<group>"; };
		89E6DE032A43026B00C5308F /* ProfileViewController.swift */ = {isa = PBXFileReference; lastKnownFileType = sourcecode.swift; path = ProfileViewController.swift; sourceTree = "<group>"; };
		89E6DE062A43054700C5308F /* Domain.storyboard */ = {isa = PBXFileReference; lastKnownFileType = file.storyboard; path = Domain.storyboard; sourceTree = "<group>"; };
		89E6DE082A43054F00C5308F /* DomainViewController.swift */ = {isa = PBXFileReference; lastKnownFileType = sourcecode.swift; path = DomainViewController.swift; sourceTree = "<group>"; };
		89E6DE0A2A43062100C5308F /* WebPageDelegate.swift */ = {isa = PBXFileReference; lastKnownFileType = sourcecode.swift; path = WebPageDelegate.swift; sourceTree = "<group>"; };
		89E6DE0C2A43073B00C5308F /* DomainViewModel.swift */ = {isa = PBXFileReference; lastKnownFileType = sourcecode.swift; path = DomainViewModel.swift; sourceTree = "<group>"; };
/* End PBXFileReference section */

/* Begin PBXFrameworksBuildPhase section */
		8995A9ED2A3C6FA200E58D65 /* Frameworks */ = {
			isa = PBXFrameworksBuildPhase;
			buildActionMask = 2147483647;
			files = (
				8995AA302A3CA85C00E58D65 /* Toast in Frameworks */,
				8995AA162A3C9C1D00E58D65 /* IQKeyboardManagerSwift in Frameworks */,
				8995AA332A3CAAFB00E58D65 /* Data in Frameworks */,
				8995AA2A2A3CA70800E58D65 /* Reusable in Frameworks */,
			);
			runOnlyForDeploymentPostprocessing = 0;
		};
/* End PBXFrameworksBuildPhase section */

/* Begin PBXGroup section */
		8995A9E72A3C6FA200E58D65 = {
			isa = PBXGroup;
			children = (
				8995AA192A3C9D2B00E58D65 /* Packages */,
				8995A9F22A3C6FA200E58D65 /* IOS App Architecture */,
				8995A9F12A3C6FA200E58D65 /* Products */,
				8995AA312A3CAAFB00E58D65 /* Frameworks */,
			);
			sourceTree = "<group>";
		};
		8995A9F12A3C6FA200E58D65 /* Products */ = {
			isa = PBXGroup;
			children = (
				8995A9F02A3C6FA200E58D65 /* IOS App Architecture.app */,
			);
			name = Products;
			sourceTree = "<group>";
		};
		8995A9F22A3C6FA200E58D65 /* IOS App Architecture */ = {
			isa = PBXGroup;
			children = (
				8995AA072A3C6FE800E58D65 /* App */,
				8995AA082A3C700000E58D65 /* Resources */,
				8995AA232A3CA55A00E58D65 /* Common */,
				8995AA0B2A3C73FA00E58D65 /* Features */,
			);
			path = "IOS App Architecture";
			sourceTree = "<group>";
		};
		8995AA072A3C6FE800E58D65 /* App */ = {
			isa = PBXGroup;
			children = (
				8995A9F32A3C6FA200E58D65 /* AppDelegate.swift */,
				8995A9F52A3C6FA200E58D65 /* SceneDelegate.swift */,
				8995AA0E2A3C764600E58D65 /* DependencyContainer.swift */,
				8995AA0D2A3C764600E58D65 /* Router.swift */,
				8995AA212A3CA47200E58D65 /* AppStyle.swift */,
				8995AA012A3C6FA300E58D65 /* Info.plist */,
			);
			path = App;
			sourceTree = "<group>";
		};
		8995AA082A3C700000E58D65 /* Resources */ = {
			isa = PBXGroup;
			children = (
				8995AA342A3CAB8B00E58D65 /* Fonts */,
				8995A9FC2A3C6FA300E58D65 /* Assets.xcassets */,
				8995A9FE2A3C6FA300E58D65 /* LaunchScreen.storyboard */,
			);
			path = Resources;
			sourceTree = "<group>";
		};
		8995AA0B2A3C73FA00E58D65 /* Features */ = {
			isa = PBXGroup;
			children = (
				8995AA1C2A3CA3A600E58D65 /* Auth */,
				89E6DE052A43053300C5308F /* PublicApi */,
				8995AA0C2A3C740500E58D65 /* Profile */,
			);
			path = Features;
			sourceTree = "<group>";
		};
		8995AA0C2A3C740500E58D65 /* Profile */ = {
			isa = PBXGroup;
			children = (
				89E6DE032A43026B00C5308F /* ProfileViewController.swift */,
				89E6DE012A42EAC300C5308F /* Profile.storyboard */,
			);
			path = Profile;
			sourceTree = "<group>";
		};
		8995AA192A3C9D2B00E58D65 /* Packages */ = {
			isa = PBXGroup;
			children = (
				8995AA1A2A3C9D2B00E58D65 /* Data */,
			);
			name = Packages;
			sourceTree = "<group>";
		};
		8995AA1C2A3CA3A600E58D65 /* Auth */ = {
			isa = PBXGroup;
			children = (
				8995AA1D2A3CA3B500E58D65 /* LoginViewController.swift */,
				8995AA1F2A3CA3EE00E58D65 /* LoginInteractor.swift */,
				8995AA262A3CA66500E58D65 /* Auth.storyboard */,
			);
			path = Auth;
			sourceTree = "<group>";
		};
		8995AA232A3CA55A00E58D65 /* Common */ = {
			isa = PBXGroup;
			children = (
				8995AA242A3CA59A00E58D65 /* BaseViewController.swift */,
				8995AA2C2A3CA74800E58D65 /* Extensions.swift */,
				89E6DE0A2A43062100C5308F /* WebPageDelegate.swift */,
			);
			path = Common;
			sourceTree = "<group>";
		};
		8995AA312A3CAAFB00E58D65 /* Frameworks */ = {
			isa = PBXGroup;
			children = (
			);
			name = Frameworks;
			sourceTree = "<group>";
		};
		8995AA342A3CAB8B00E58D65 /* Fonts */ = {
			isa = PBXGroup;
			children = (
				8995AA392A3CAB9800E58D65 /* Poppins-Regular.ttf */,
				8995AA352A3CAB9800E58D65 /* SFProText-Bold.ttf */,
				8995AA372A3CAB9800E58D65 /* SFProText-Light.ttf */,
				8995AA362A3CAB9800E58D65 /* SFProText-Regular.ttf */,
				8995AA382A3CAB9800E58D65 /* SFProText-Semibold.ttf */,
			);
			path = Fonts;
			sourceTree = "<group>";
		};
		89E6DE052A43053300C5308F /* PublicApi */ = {
			isa = PBXGroup;
			children = (
				89E6DE082A43054F00C5308F /* DomainViewController.swift */,
				89E6DE0C2A43073B00C5308F /* DomainViewModel.swift */,
				89E6DE062A43054700C5308F /* Domain.storyboard */,
			);
			path = PublicApi;
			sourceTree = "<group>";
		};
/* End PBXGroup section */

/* Begin PBXNativeTarget section */
		8995A9EF2A3C6FA200E58D65 /* IOS App Architecture */ = {
			isa = PBXNativeTarget;
			buildConfigurationList = 8995AA042A3C6FA300E58D65 /* Build configuration list for PBXNativeTarget "IOS App Architecture" */;
			buildPhases = (
				8995A9EC2A3C6FA200E58D65 /* Sources */,
				8995A9ED2A3C6FA200E58D65 /* Frameworks */,
				8995A9EE2A3C6FA200E58D65 /* Resources */,
			);
			buildRules = (
			);
			dependencies = (
			);
			name = "IOS App Architecture";
			packageProductDependencies = (
				8995AA152A3C9C1D00E58D65 /* IQKeyboardManagerSwift */,
				8995AA292A3CA70800E58D65 /* Reusable */,
				8995AA2F2A3CA85C00E58D65 /* Toast */,
				8995AA322A3CAAFB00E58D65 /* Data */,
			);
			productName = "IOS App Architecture";
			productReference = 8995A9F02A3C6FA200E58D65 /* IOS App Architecture.app */;
			productType = "com.apple.product-type.application";
		};
/* End PBXNativeTarget section */

/* Begin PBXProject section */
		8995A9E82A3C6FA200E58D65 /* Project object */ = {
			isa = PBXProject;
			attributes = {
				BuildIndependentTargetsInParallel = 1;
				LastSwiftUpdateCheck = 1420;
				LastUpgradeCheck = 1420;
				TargetAttributes = {
					8995A9EF2A3C6FA200E58D65 = {
						CreatedOnToolsVersion = 14.2;
					};
				};
			};
			buildConfigurationList = 8995A9EB2A3C6FA200E58D65 /* Build configuration list for PBXProject "IOS App Architecture" */;
			compatibilityVersion = "Xcode 14.0";
			developmentRegion = en;
			hasScannedForEncodings = 0;
			knownRegions = (
				en,
				Base,
			);
			mainGroup = 8995A9E72A3C6FA200E58D65;
			packageReferences = (
				8995AA142A3C9C1D00E58D65 /* XCRemoteSwiftPackageReference "IQKeyboardManager" */,
				8995AA282A3CA70800E58D65 /* XCRemoteSwiftPackageReference "Reusable" */,
				8995AA2E2A3CA85C00E58D65 /* XCRemoteSwiftPackageReference "Toast-Swift" */,
			);
			productRefGroup = 8995A9F12A3C6FA200E58D65 /* Products */;
			projectDirPath = "";
			projectRoot = "";
			targets = (
				8995A9EF2A3C6FA200E58D65 /* IOS App Architecture */,
			);
		};
/* End PBXProject section */

/* Begin PBXResourcesBuildPhase section */
		8995A9EE2A3C6FA200E58D65 /* Resources */ = {
			isa = PBXResourcesBuildPhase;
			buildActionMask = 2147483647;
			files = (
				8995AA272A3CA66500E58D65 /* Auth.storyboard in Resources */,
				8995AA002A3C6FA300E58D65 /* LaunchScreen.storyboard in Resources */,
				8995A9FD2A3C6FA300E58D65 /* Assets.xcassets in Resources */,
				89E6DE022A42EAC300C5308F /* Profile.storyboard in Resources */,
				8995AA3C2A3CAB9800E58D65 /* SFProText-Light.ttf in Resources */,
				8995AA3D2A3CAB9800E58D65 /* SFProText-Semibold.ttf in Resources */,
				89E6DE072A43054700C5308F /* Domain.storyboard in Resources */,
				8995AA3B2A3CAB9800E58D65 /* SFProText-Regular.ttf in Resources */,
				8995AA3A2A3CAB9800E58D65 /* SFProText-Bold.ttf in Resources */,
				8995AA3E2A3CAB9800E58D65 /* Poppins-Regular.ttf in Resources */,
			);
			runOnlyForDeploymentPostprocessing = 0;
		};
/* End PBXResourcesBuildPhase section */

/* Begin PBXSourcesBuildPhase section */
		8995A9EC2A3C6FA200E58D65 /* Sources */ = {
			isa = PBXSourcesBuildPhase;
			buildActionMask = 2147483647;
			files = (
				8995AA1E2A3CA3B500E58D65 /* LoginViewController.swift in Sources */,
				8995AA0F2A3C764600E58D65 /* Router.swift in Sources */,
				89E6DE0B2A43062100C5308F /* WebPageDelegate.swift in Sources */,
				89E6DE042A43026B00C5308F /* ProfileViewController.swift in Sources */,
				8995AA202A3CA3EE00E58D65 /* LoginInteractor.swift in Sources */,
				8995AA222A3CA47200E58D65 /* AppStyle.swift in Sources */,
				89E6DE0D2A43073B00C5308F /* DomainViewModel.swift in Sources */,
				8995AA102A3C764600E58D65 /* DependencyContainer.swift in Sources */,
				8995AA2D2A3CA74800E58D65 /* Extensions.swift in Sources */,
				8995AA252A3CA59A00E58D65 /* BaseViewController.swift in Sources */,
				89E6DE092A43054F00C5308F /* DomainViewController.swift in Sources */,
				8995A9F42A3C6FA200E58D65 /* AppDelegate.swift in Sources */,
				8995A9F62A3C6FA200E58D65 /* SceneDelegate.swift in Sources */,
			);
			runOnlyForDeploymentPostprocessing = 0;
		};
/* End PBXSourcesBuildPhase section */

/* Begin PBXVariantGroup section */
		8995A9FE2A3C6FA300E58D65 /* LaunchScreen.storyboard */ = {
			isa = PBXVariantGroup;
			children = (
				8995A9FF2A3C6FA300E58D65 /* Base */,
			);
			name = LaunchScreen.storyboard;
			sourceTree = "<group>";
		};
/* End PBXVariantGroup section */

/* Begin XCBuildConfiguration section */
		8995AA022A3C6FA300E58D65 /* Debug */ = {
			isa = XCBuildConfiguration;
			buildSettings = {
				ALWAYS_SEARCH_USER_PATHS = NO;
				CLANG_ANALYZER_NONNULL = YES;
				CLANG_ANALYZER_NUMBER_OBJECT_CONVERSION = YES_AGGRESSIVE;
				CLANG_CXX_LANGUAGE_STANDARD = "gnu++20";
				CLANG_ENABLE_MODULES = YES;
				CLANG_ENABLE_OBJC_ARC = YES;
				CLANG_ENABLE_OBJC_WEAK = YES;
				CLANG_WARN_BLOCK_CAPTURE_AUTORELEASING = YES;
				CLANG_WARN_BOOL_CONVERSION = YES;
				CLANG_WARN_COMMA = YES;
				CLANG_WARN_CONSTANT_CONVERSION = YES;
				CLANG_WARN_DEPRECATED_OBJC_IMPLEMENTATIONS = YES;
				CLANG_WARN_DIRECT_OBJC_ISA_USAGE = YES_ERROR;
				CLANG_WARN_DOCUMENTATION_COMMENTS = YES;
				CLANG_WARN_EMPTY_BODY = YES;
				CLANG_WARN_ENUM_CONVERSION = YES;
				CLANG_WARN_INFINITE_RECURSION = YES;
				CLANG_WARN_INT_CONVERSION = YES;
				CLANG_WARN_NON_LITERAL_NULL_CONVERSION = YES;
				CLANG_WARN_OBJC_IMPLICIT_RETAIN_SELF = YES;
				CLANG_WARN_OBJC_LITERAL_CONVERSION = YES;
				CLANG_WARN_OBJC_ROOT_CLASS = YES_ERROR;
				CLANG_WARN_QUOTED_INCLUDE_IN_FRAMEWORK_HEADER = YES;
				CLANG_WARN_RANGE_LOOP_ANALYSIS = YES;
				CLANG_WARN_STRICT_PROTOTYPES = YES;
				CLANG_WARN_SUSPICIOUS_MOVE = YES;
				CLANG_WARN_UNGUARDED_AVAILABILITY = YES_AGGRESSIVE;
				CLANG_WARN_UNREACHABLE_CODE = YES;
				CLANG_WARN__DUPLICATE_METHOD_MATCH = YES;
				COPY_PHASE_STRIP = NO;
				DEBUG_INFORMATION_FORMAT = dwarf;
				ENABLE_STRICT_OBJC_MSGSEND = YES;
				ENABLE_TESTABILITY = YES;
				GCC_C_LANGUAGE_STANDARD = gnu11;
				GCC_DYNAMIC_NO_PIC = NO;
				GCC_NO_COMMON_BLOCKS = YES;
				GCC_OPTIMIZATION_LEVEL = 0;
				GCC_PREPROCESSOR_DEFINITIONS = (
					"DEBUG=1",
					"$(inherited)",
				);
				GCC_WARN_64_TO_32_BIT_CONVERSION = YES;
				GCC_WARN_ABOUT_RETURN_TYPE = YES_ERROR;
				GCC_WARN_UNDECLARED_SELECTOR = YES;
				GCC_WARN_UNINITIALIZED_AUTOS = YES_AGGRESSIVE;
				GCC_WARN_UNUSED_FUNCTION = YES;
				GCC_WARN_UNUSED_VARIABLE = YES;
				IPHONEOS_DEPLOYMENT_TARGET = 16.2;
				MTL_ENABLE_DEBUG_INFO = INCLUDE_SOURCE;
				MTL_FAST_MATH = YES;
				ONLY_ACTIVE_ARCH = YES;
				SDKROOT = iphoneos;
				SWIFT_ACTIVE_COMPILATION_CONDITIONS = DEBUG;
				SWIFT_OPTIMIZATION_LEVEL = "-Onone";
			};
			name = Debug;
		};
		8995AA032A3C6FA300E58D65 /* Release */ = {
			isa = XCBuildConfiguration;
			buildSettings = {
				ALWAYS_SEARCH_USER_PATHS = NO;
				CLANG_ANALYZER_NONNULL = YES;
				CLANG_ANALYZER_NUMBER_OBJECT_CONVERSION = YES_AGGRESSIVE;
				CLANG_CXX_LANGUAGE_STANDARD = "gnu++20";
				CLANG_ENABLE_MODULES = YES;
				CLANG_ENABLE_OBJC_ARC = YES;
				CLANG_ENABLE_OBJC_WEAK = YES;
				CLANG_WARN_BLOCK_CAPTURE_AUTORELEASING = YES;
				CLANG_WARN_BOOL_CONVERSION = YES;
				CLANG_WARN_COMMA = YES;
				CLANG_WARN_CONSTANT_CONVERSION = YES;
				CLANG_WARN_DEPRECATED_OBJC_IMPLEMENTATIONS = YES;
				CLANG_WARN_DIRECT_OBJC_ISA_USAGE = YES_ERROR;
				CLANG_WARN_DOCUMENTATION_COMMENTS = YES;
				CLANG_WARN_EMPTY_BODY = YES;
				CLANG_WARN_ENUM_CONVERSION = YES;
				CLANG_WARN_INFINITE_RECURSION = YES;
				CLANG_WARN_INT_CONVERSION = YES;
				CLANG_WARN_NON_LITERAL_NULL_CONVERSION = YES;
				CLANG_WARN_OBJC_IMPLICIT_RETAIN_SELF = YES;
				CLANG_WARN_OBJC_LITERAL_CONVERSION = YES;
				CLANG_WARN_OBJC_ROOT_CLASS = YES_ERROR;
				CLANG_WARN_QUOTED_INCLUDE_IN_FRAMEWORK_HEADER = YES;
				CLANG_WARN_RANGE_LOOP_ANALYSIS = YES;
				CLANG_WARN_STRICT_PROTOTYPES = YES;
				CLANG_WARN_SUSPICIOUS_MOVE = YES;
				CLANG_WARN_UNGUARDED_AVAILABILITY = YES_AGGRESSIVE;
				CLANG_WARN_UNREACHABLE_CODE = YES;
				CLANG_WARN__DUPLICATE_METHOD_MATCH = YES;
				COPY_PHASE_STRIP = NO;
				DEBUG_INFORMATION_FORMAT = "dwarf-with-dsym";
				ENABLE_NS_ASSERTIONS = NO;
				ENABLE_STRICT_OBJC_MSGSEND = YES;
				GCC_C_LANGUAGE_STANDARD = gnu11;
				GCC_NO_COMMON_BLOCKS = YES;
				GCC_WARN_64_TO_32_BIT_CONVERSION = YES;
				GCC_WARN_ABOUT_RETURN_TYPE = YES_ERROR;
				GCC_WARN_UNDECLARED_SELECTOR = YES;
				GCC_WARN_UNINITIALIZED_AUTOS = YES_AGGRESSIVE;
				GCC_WARN_UNUSED_FUNCTION = YES;
				GCC_WARN_UNUSED_VARIABLE = YES;
				IPHONEOS_DEPLOYMENT_TARGET = 16.2;
				MTL_ENABLE_DEBUG_INFO = NO;
				MTL_FAST_MATH = YES;
				SDKROOT = iphoneos;
				SWIFT_COMPILATION_MODE = wholemodule;
				SWIFT_OPTIMIZATION_LEVEL = "-O";
				VALIDATE_PRODUCT = YES;
			};
			name = Release;
		};
		8995AA052A3C6FA300E58D65 /* Debug */ = {
			isa = XCBuildConfiguration;
			buildSettings = {
				ASSETCATALOG_COMPILER_APPICON_NAME = AppIcon;
				ASSETCATALOG_COMPILER_GLOBAL_ACCENT_COLOR_NAME = AccentColor;
				CODE_SIGN_STYLE = Automatic;
				CURRENT_PROJECT_VERSION = 1;
				GENERATE_INFOPLIST_FILE = YES;
				INFOPLIST_FILE = "IOS App Architecture/App/Info.plist";
				INFOPLIST_KEY_UIApplicationSupportsIndirectInputEvents = YES;
				INFOPLIST_KEY_UILaunchStoryboardName = LaunchScreen;
				INFOPLIST_KEY_UISupportedInterfaceOrientations_iPad = "UIInterfaceOrientationPortrait UIInterfaceOrientationPortraitUpsideDown UIInterfaceOrientationLandscapeLeft UIInterfaceOrientationLandscapeRight";
				INFOPLIST_KEY_UISupportedInterfaceOrientations_iPhone = "UIInterfaceOrientationPortrait UIInterfaceOrientationLandscapeLeft UIInterfaceOrientationLandscapeRight";
				LD_RUNPATH_SEARCH_PATHS = (
					"$(inherited)",
					"@executable_path/Frameworks",
				);
				MARKETING_VERSION = 1.0;
				PRODUCT_BUNDLE_IDENTIFIER = "com.mansoor.dev.IOS-App-Architecture";
				PRODUCT_NAME = "$(TARGET_NAME)";
				SWIFT_EMIT_LOC_STRINGS = YES;
				SWIFT_VERSION = 5.0;
				TARGETED_DEVICE_FAMILY = "1,2";
			};
			name = Debug;
		};
		8995AA062A3C6FA300E58D65 /* Release */ = {
			isa = XCBuildConfiguration;
			buildSettings = {
				ASSETCATALOG_COMPILER_APPICON_NAME = AppIcon;
				ASSETCATALOG_COMPILER_GLOBAL_ACCENT_COLOR_NAME = AccentColor;
				CODE_SIGN_STYLE = Automatic;
				CURRENT_PROJECT_VERSION = 1;
				GENERATE_INFOPLIST_FILE = YES;
				INFOPLIST_FILE = "IOS App Architecture/App/Info.plist";
				INFOPLIST_KEY_UIApplicationSupportsIndirectInputEvents = YES;
				INFOPLIST_KEY_UILaunchStoryboardName = LaunchScreen;
				INFOPLIST_KEY_UISupportedInterfaceOrientations_iPad = "UIInterfaceOrientationPortrait UIInterfaceOrientationPortraitUpsideDown UIInterfaceOrientationLandscapeLeft UIInterfaceOrientationLandscapeRight";
				INFOPLIST_KEY_UISupportedInterfaceOrientations_iPhone = "UIInterfaceOrientationPortrait UIInterfaceOrientationLandscapeLeft UIInterfaceOrientationLandscapeRight";
				LD_RUNPATH_SEARCH_PATHS = (
					"$(inherited)",
					"@executable_path/Frameworks",
				);
				MARKETING_VERSION = 1.0;
				PRODUCT_BUNDLE_IDENTIFIER = "com.mansoor.dev.IOS-App-Architecture";
				PRODUCT_NAME = "$(TARGET_NAME)";
				SWIFT_EMIT_LOC_STRINGS = YES;
				SWIFT_VERSION = 5.0;
				TARGETED_DEVICE_FAMILY = "1,2";
			};
			name = Release;
		};
/* End XCBuildConfiguration section */

/* Begin XCConfigurationList section */
		8995A9EB2A3C6FA200E58D65 /* Build configuration list for PBXProject "IOS App Architecture" */ = {
			isa = XCConfigurationList;
			buildConfigurations = (
				8995AA022A3C6FA300E58D65 /* Debug */,
				8995AA032A3C6FA300E58D65 /* Release */,
			);
			defaultConfigurationIsVisible = 0;
			defaultConfigurationName = Release;
		};
		8995AA042A3C6FA300E58D65 /* Build configuration list for PBXNativeTarget "IOS App Architecture" */ = {
			isa = XCConfigurationList;
			buildConfigurations = (
				8995AA052A3C6FA300E58D65 /* Debug */,
				8995AA062A3C6FA300E58D65 /* Release */,
			);
			defaultConfigurationIsVisible = 0;
			defaultConfigurationName = Release;
		};
/* End XCConfigurationList section */

/* Begin XCRemoteSwiftPackageReference section */
		8995AA142A3C9C1D00E58D65 /* XCRemoteSwiftPackageReference "IQKeyboardManager" */ = {
			isa = XCRemoteSwiftPackageReference;
			repositoryURL = "https://github.com/hackiftekhar/IQKeyboardManager.git";
			requirement = {
				branch = master;
				kind = branch;
			};
		};
		8995AA282A3CA70800E58D65 /* XCRemoteSwiftPackageReference "Reusable" */ = {
			isa = XCRemoteSwiftPackageReference;
			repositoryURL = "https://github.com/AliSoftware/Reusable";
			requirement = {
				branch = main;
				kind = branch;
			};
		};
		8995AA2E2A3CA85C00E58D65 /* XCRemoteSwiftPackageReference "Toast-Swift" */ = {
			isa = XCRemoteSwiftPackageReference;
			repositoryURL = "https://github.com/scalessec/Toast-Swift";
			requirement = {
				branch = master;
				kind = branch;
			};
		};
/* End XCRemoteSwiftPackageReference section */

/* Begin XCSwiftPackageProductDependency section */
		8995AA152A3C9C1D00E58D65 /* IQKeyboardManagerSwift */ = {
			isa = XCSwiftPackageProductDependency;
			package = 8995AA142A3C9C1D00E58D65 /* XCRemoteSwiftPackageReference "IQKeyboardManager" */;
			productName = IQKeyboardManagerSwift;
		};
		8995AA292A3CA70800E58D65 /* Reusable */ = {
			isa = XCSwiftPackageProductDependency;
			package = 8995AA282A3CA70800E58D65 /* XCRemoteSwiftPackageReference "Reusable" */;
			productName = Reusable;
		};
		8995AA2F2A3CA85C00E58D65 /* Toast */ = {
			isa = XCSwiftPackageProductDependency;
			package = 8995AA2E2A3CA85C00E58D65 /* XCRemoteSwiftPackageReference "Toast-Swift" */;
			productName = Toast;
		};
		8995AA322A3CAAFB00E58D65 /* Data */ = {
			isa = XCSwiftPackageProductDependency;
			productName = Data;
		};
/* End XCSwiftPackageProductDependency section */
	};
	rootObject = 8995A9E82A3C6FA200E58D65 /* Project object */;
}
